
Microsoft Visual Studio Solution File, Format Version 12.00
# Visual Studio Version 16
VisualStudioVersion = 16.0.30104.148
MinimumVisualStudioVersion = 10.0.40219.1
Project("{9A19103F-16F7-4668-BE54-9A1E7A4F7556}") = "HunterApi", "HunterApi.csproj", "{B907B844-8090-44C3-B6B5-E47510E962D0}"
EndProject
Global
	GlobalSection(SolutionConfigurationPlatforms) = preSolution
		Debug|Any CPU = Debug|Any CPU
		Release|Any CPU = Release|Any CPU
	EndGlobalSection
	GlobalSection(ProjectConfigurationPlatforms) = postSolution
		{B907B844-8090-44C3-B6B5-E47510E962D0}.Debug|Any CPU.ActiveCfg = Debug|Any CPU
		{B907B844-8090-44C3-B6B5-E47510E962D0}.Debug|Any CPU.Build.0 = Debug|Any CPU
		{B907B844-8090-44C3-B6B5-E47510E962D0}.Release|Any CPU.ActiveCfg = Release|Any CPU
		{B907B844-8090-44C3-B6B5-E47510E962D0}.Release|Any CPU.Build.0 = Release|Any CPU
	EndGlobalSection
	GlobalSection(SolutionProperties) = preSolution
		HideSolutionNode = FALSE
	EndGlobalSection
	GlobalSection(ExtensibilityGlobals) = postSolution
		SolutionGuid = {2A8604E1-809C-4070-A7AC-9FF6300B44E7}
	EndGlobalSection
EndGlobal
